
Microsoft Visual Studio Solution File, Format Version 12.00
# Visual Studio Version 17
VisualStudioVersion = 17.13.35919.96
MinimumVisualStudioVersion = 10.0.40219.1
Project("{2150E333-8FDC-42A3-9474-1A3956D46DE8}") = "src", "src", "{02EA681E-C7D8-13C7-8484-4AC65E1B71E8}"
EndProject
Project("{2150E333-8FDC-42A3-9474-1A3956D46DE8}") = "UI", "UI", "{67E6CC01-AE3D-4B38-A4E0-92886550BF55}"
EndProject
Project("{2150E333-8FDC-42A3-9474-1A3956D46DE8}") = "Api", "Api", "{31C6BE66-1EA2-42EB-9F0C-C48F523377E7}"
EndProject
Project("{2150E333-8FDC-42A3-9474-1A3956D46DE8}") = "Infrasctructure", "Infrasctructure", "{07E9BCC3-8394-41DB-A158-4176EEA903B6}"
EndProject
Project("{2150E333-8FDC-42A3-9474-1A3956D46DE8}") = "Core", "Core", "{F90464B3-9885-47DE-9C12-9B9A0813E62A}"
EndProject
Project("{2150E333-8FDC-42A3-9474-1A3956D46DE8}") = "test", "test", "{A9B2020A-1F3B-4080-9018-500C099A8559}"
EndProject
Project("{9A19103F-16F7-4668-BE54-9A1E7A4F7556}") = "HR.LeaveManagement.Domain", "HR.LeaveManagement.Domain\HR.LeaveManagement.Domain.csproj", "{E48E52F7-6759-45B2-93AF-0FFB9B7304B5}"
EndProject
Project("{9A19103F-16F7-4668-BE54-9A1E7A4F7556}") = "HR.LeaveManagement.Application", "HR.LeaveManagement.Application\HR.LeaveManagement.Application.csproj", "{DDFC9756-2AF7-4AFF-BECB-A8D6451A99C6}"
EndProject
Project("{9A19103F-16F7-4668-BE54-9A1E7A4F7556}") = "HR.LeaveManagement.Persistence", "HR.LeaveManagement.Infrastructure\HR.LeaveManagement.Persistence\HR.LeaveManagement.Persistence.csproj", "{C77A5F23-083D-4E7B-8323-DD44E96DAB42}"
EndProject
Project("{9A19103F-16F7-4668-BE54-9A1E7A4F7556}") = "HR.LeaveManagement.Infrastructure", "HR.LeaveManagement.Infrastructure\HR.LeaveManagement.Infrastructure\HR.LeaveManagement.Infrastructure.csproj", "{FA3A2E90-CCF1-4F7A-AAB8-886EE54EB745}"
EndProject
Project("{9A19103F-16F7-4668-BE54-9A1E7A4F7556}") = "HR.LeaveMangement.Api", "HR.LeaveMangement.Api\HR.LeaveMangement.Api.csproj", "{0445239D-CE20-4048-919E-D81E0603C3A7}"
EndProject
Project("{9A19103F-16F7-4668-BE54-9A1E7A4F7556}") = "HR.LeaveManagement.Application.UnitTests", "HR.LeaveManagement.Application.UnitTests\HR.LeaveManagement.Application.UnitTests.csproj", "{2ECCF43A-53AE-45E1-9156-695F6554AC78}"
EndProject
Project("{9A19103F-16F7-4668-BE54-9A1E7A4F7556}") = "HR.LeaveManagement.Persistence.IntegrationTest", "HR.LeaveManagement.Persistence.IntegrationTest\HR.LeaveManagement.Persistence.IntegrationTest.csproj", "{9BFE672F-DAA4-4E92-8D03-B3675A9B65DE}"
EndProject
Project("{9A19103F-16F7-4668-BE54-9A1E7A4F7556}") = "HR.LeaveManagement.BlazorUI", "HR.LeaveManagement.BlazorUI\HR.LeaveManagement.BlazorUI.csproj", "{E3280011-D2B1-49CC-A5D3-D347CE05F333}"
EndProject
Project("{9A19103F-16F7-4668-BE54-9A1E7A4F7556}") = "HR.LeaveManagement.Identity", "HR.LeaveManagement.Identity\HR.LeaveManagement.Identity.csproj", "{61E35B2C-37C3-49DD-84CF-17ED4B717F86}"
EndProject
Global
	GlobalSection(SolutionConfigurationPlatforms) = preSolution
		Debug|Any CPU = Debug|Any CPU
		Release|Any CPU = Release|Any CPU
	EndGlobalSection
	GlobalSection(ProjectConfigurationPlatforms) = postSolution
		{E48E52F7-6759-45B2-93AF-0FFB9B7304B5}.Debug|Any CPU.ActiveCfg = Debug|Any CPU
		{E48E52F7-6759-45B2-93AF-0FFB9B7304B5}.Debug|Any CPU.Build.0 = Debug|Any CPU
		{E48E52F7-6759-45B2-93AF-0FFB9B7304B5}.Release|Any CPU.ActiveCfg = Release|Any CPU
		{E48E52F7-6759-45B2-93AF-0FFB9B7304B5}.Release|Any CPU.Build.0 = Release|Any CPU
		{DDFC9756-2AF7-4AFF-BECB-A8D6451A99C6}.Debug|Any CPU.ActiveCfg = Debug|Any CPU
		{DDFC9756-2AF7-4AFF-BECB-A8D6451A99C6}.Debug|Any CPU.Build.0 = Debug|Any CPU
		{DDFC9756-2AF7-4AFF-BECB-A8D6451A99C6}.Release|Any CPU.ActiveCfg = Release|Any CPU
		{DDFC9756-2AF7-4AFF-BECB-A8D6451A99C6}.Release|Any CPU.Build.0 = Release|Any CPU
		{C77A5F23-083D-4E7B-8323-DD44E96DAB42}.Debug|Any CPU.ActiveCfg = Debug|Any CPU
		{C77A5F23-083D-4E7B-8323-DD44E96DAB42}.Debug|Any CPU.Build.0 = Debug|Any CPU
		{C77A5F23-083D-4E7B-8323-DD44E96DAB42}.Release|Any CPU.ActiveCfg = Release|Any CPU
		{C77A5F23-083D-4E7B-8323-DD44E96DAB42}.Release|Any CPU.Build.0 = Release|Any CPU
		{FA3A2E90-CCF1-4F7A-AAB8-886EE54EB745}.Debug|Any CPU.ActiveCfg = Debug|Any CPU
		{FA3A2E90-CCF1-4F7A-AAB8-886EE54EB745}.Debug|Any CPU.Build.0 = Debug|Any CPU
		{FA3A2E90-CCF1-4F7A-AAB8-886EE54EB745}.Release|Any CPU.ActiveCfg = Release|Any CPU
		{FA3A2E90-CCF1-4F7A-AAB8-886EE54EB745}.Release|Any CPU.Build.0 = Release|Any CPU
		{0445239D-CE20-4048-919E-D81E0603C3A7}.Debug|Any CPU.ActiveCfg = Debug|Any CPU
		{0445239D-CE20-4048-919E-D81E0603C3A7}.Debug|Any CPU.Build.0 = Debug|Any CPU
		{0445239D-CE20-4048-919E-D81E0603C3A7}.Release|Any CPU.ActiveCfg = Release|Any CPU
		{0445239D-CE20-4048-919E-D81E0603C3A7}.Release|Any CPU.Build.0 = Release|Any CPU
		{2ECCF43A-53AE-45E1-9156-695F6554AC78}.Debug|Any CPU.ActiveCfg = Debug|Any CPU
		{2ECCF43A-53AE-45E1-9156-695F6554AC78}.Debug|Any CPU.Build.0 = Debug|Any CPU
		{2ECCF43A-53AE-45E1-9156-695F6554AC78}.Release|Any CPU.ActiveCfg = Release|Any CPU
		{2ECCF43A-53AE-45E1-9156-695F6554AC78}.Release|Any CPU.Build.0 = Release|Any CPU
		{9BFE672F-DAA4-4E92-8D03-B3675A9B65DE}.Debug|Any CPU.ActiveCfg = Debug|Any CPU
		{9BFE672F-DAA4-4E92-8D03-B3675A9B65DE}.Debug|Any CPU.Build.0 = Debug|Any CPU
		{9BFE672F-DAA4-4E92-8D03-B3675A9B65DE}.Release|Any CPU.ActiveCfg = Release|Any CPU
		{9BFE672F-DAA4-4E92-8D03-B3675A9B65DE}.Release|Any CPU.Build.0 = Release|Any CPU
		{E3280011-D2B1-49CC-A5D3-D347CE05F333}.Debug|Any CPU.ActiveCfg = Debug|Any CPU
		{E3280011-D2B1-49CC-A5D3-D347CE05F333}.Debug|Any CPU.Build.0 = Debug|Any CPU
		{E3280011-D2B1-49CC-A5D3-D347CE05F333}.Release|Any CPU.ActiveCfg = Release|Any CPU
		{E3280011-D2B1-49CC-A5D3-D347CE05F333}.Release|Any CPU.Build.0 = Release|Any CPU
		{61E35B2C-37C3-49DD-84CF-17ED4B717F86}.Debug|Any CPU.ActiveCfg = Debug|Any CPU
		{61E35B2C-37C3-49DD-84CF-17ED4B717F86}.Debug|Any CPU.Build.0 = Debug|Any CPU
		{61E35B2C-37C3-49DD-84CF-17ED4B717F86}.Release|Any CPU.ActiveCfg = Release|Any CPU
		{61E35B2C-37C3-49DD-84CF-17ED4B717F86}.Release|Any CPU.Build.0 = Release|Any CPU
	EndGlobalSection
	GlobalSection(SolutionProperties) = preSolution
		HideSolutionNode = FALSE
	EndGlobalSection
	GlobalSection(NestedProjects) = preSolution
		{67E6CC01-AE3D-4B38-A4E0-92886550BF55} = {02EA681E-C7D8-13C7-8484-4AC65E1B71E8}
		{31C6BE66-1EA2-42EB-9F0C-C48F523377E7} = {02EA681E-C7D8-13C7-8484-4AC65E1B71E8}
		{07E9BCC3-8394-41DB-A158-4176EEA903B6} = {02EA681E-C7D8-13C7-8484-4AC65E1B71E8}
		{F90464B3-9885-47DE-9C12-9B9A0813E62A} = {02EA681E-C7D8-13C7-8484-4AC65E1B71E8}
		{E48E52F7-6759-45B2-93AF-0FFB9B7304B5} = {F90464B3-9885-47DE-9C12-9B9A0813E62A}
		{DDFC9756-2AF7-4AFF-BECB-A8D6451A99C6} = {F90464B3-9885-47DE-9C12-9B9A0813E62A}
		{C77A5F23-083D-4E7B-8323-DD44E96DAB42} = {07E9BCC3-8394-41DB-A158-4176EEA903B6}
		{FA3A2E90-CCF1-4F7A-AAB8-886EE54EB745} = {07E9BCC3-8394-41DB-A158-4176EEA903B6}
		{0445239D-CE20-4048-919E-D81E0603C3A7} = {31C6BE66-1EA2-42EB-9F0C-C48F523377E7}
		{2ECCF43A-53AE-45E1-9156-695F6554AC78} = {A9B2020A-1F3B-4080-9018-500C099A8559}
		{9BFE672F-DAA4-4E92-8D03-B3675A9B65DE} = {A9B2020A-1F3B-4080-9018-500C099A8559}
		{E3280011-D2B1-49CC-A5D3-D347CE05F333} = {67E6CC01-AE3D-4B38-A4E0-92886550BF55}
		{61E35B2C-37C3-49DD-84CF-17ED4B717F86} = {07E9BCC3-8394-41DB-A158-4176EEA903B6}
	EndGlobalSection
	GlobalSection(ExtensibilityGlobals) = postSolution
		SolutionGuid = {DFC46532-DC99-4636-B907-01DB0CA98D67}
	EndGlobalSection
EndGlobal
